
Microsoft Visual Studio Solution File, Format Version 12.00
# Visual Studio Version 17
VisualStudioVersion = 17.11.35222.181
MinimumVisualStudioVersion = 10.0.40219.1
Project("{FAE04EC0-301F-11D3-BF4B-00C04F79EFBC}") = "InfSec", "InfSec\InfSec.csproj", "{9222CC8A-06F7-4566-9550-11F10FCA4163}"
EndProject
Project("{FAE04EC0-301F-11D3-BF4B-00C04F79EFBC}") = "MD4Hash", "MD4Hash\MD4Hash.csproj", "{B35F5AFD-B17F-4D4D-96FA-4848866B2E16}"
EndProject
Project("{FAE04EC0-301F-11D3-BF4B-00C04F79EFBC}") = "GostMagma", "GostMagma\GostMagma.csproj", "{E84DC013-3F2A-40C5-A108-2CCF938B063E}"
EndProject
Global
	GlobalSection(SolutionConfigurationPlatforms) = preSolution
		Debug|Any CPU = Debug|Any CPU
		Release|Any CPU = Release|Any CPU
	EndGlobalSection
	GlobalSection(ProjectConfigurationPlatforms) = postSolution
		{9222CC8A-06F7-4566-9550-11F10FCA4163}.Debug|Any CPU.ActiveCfg = Debug|Any CPU
		{9222CC8A-06F7-4566-9550-11F10FCA4163}.Debug|Any CPU.Build.0 = Debug|Any CPU
		{9222CC8A-06F7-4566-9550-11F10FCA4163}.Release|Any CPU.ActiveCfg = Release|Any CPU
		{9222CC8A-06F7-4566-9550-11F10FCA4163}.Release|Any CPU.Build.0 = Release|Any CPU
		{B35F5AFD-B17F-4D4D-96FA-4848866B2E16}.Debug|Any CPU.ActiveCfg = Debug|Any CPU
		{B35F5AFD-B17F-4D4D-96FA-4848866B2E16}.Debug|Any CPU.Build.0 = Debug|Any CPU
		{B35F5AFD-B17F-4D4D-96FA-4848866B2E16}.Release|Any CPU.ActiveCfg = Release|Any CPU
		{B35F5AFD-B17F-4D4D-96FA-4848866B2E16}.Release|Any CPU.Build.0 = Release|Any CPU
		{E84DC013-3F2A-40C5-A108-2CCF938B063E}.Debug|Any CPU.ActiveCfg = Debug|Any CPU
		{E84DC013-3F2A-40C5-A108-2CCF938B063E}.Debug|Any CPU.Build.0 = Debug|Any CPU
		{E84DC013-3F2A-40C5-A108-2CCF938B063E}.Release|Any CPU.ActiveCfg = Release|Any CPU
		{E84DC013-3F2A-40C5-A108-2CCF938B063E}.Release|Any CPU.Build.0 = Release|Any CPU
	EndGlobalSection
	GlobalSection(SolutionProperties) = preSolution
		HideSolutionNode = FALSE
	EndGlobalSection
	GlobalSection(ExtensibilityGlobals) = postSolution
		SolutionGuid = {51C6E198-096B-44A9-B5B1-2231881C5C15}
	EndGlobalSection
EndGlobal
